
Microsoft Visual Studio Solution File, Format Version 12.00
# Visual Studio Version 17
VisualStudioVersion = 17.14.36310.24 d17.14
MinimumVisualStudioVersion = 10.0.40219.1
Project("{888888A0-9F3D-457C-B088-3A5042F75D52}") = "Black Scholes Implied Volatility", "Black Scholes Implied Volatility\Black Scholes Implied Volatility.pyproj", "{8D8C8277-8BE8-42B0-8752-03B4F80DD468}"
EndProject
Global
	GlobalSection(SolutionConfigurationPlatforms) = preSolution
		Debug|Any CPU = Debug|Any CPU
		Release|Any CPU = Release|Any CPU
	EndGlobalSection
	GlobalSection(ProjectConfigurationPlatforms) = postSolution
		{8D8C8277-8BE8-42B0-8752-03B4F80DD468}.Debug|Any CPU.ActiveCfg = Debug|Any CPU
		{8D8C8277-8BE8-42B0-8752-03B4F80DD468}.Release|Any CPU.ActiveCfg = Release|Any CPU
	EndGlobalSection
	GlobalSection(SolutionProperties) = preSolution
		HideSolutionNode = FALSE
	EndGlobalSection
	GlobalSection(ExtensibilityGlobals) = postSolution
		SolutionGuid = {981A29A5-B204-43C5-8248-85B30134C35D}
	EndGlobalSection
EndGlobal
